
Microsoft Visual Studio Solution File, Format Version 12.00
# Visual Studio Version 17
VisualStudioVersion = 17.9.34701.34
MinimumVisualStudioVersion = 10.0.40219.1
Project("{8BC9CEB8-8B4A-11D0-8D11-00A0C91BC942}") = "Project4", "Project4\Project4.vcxproj", "{C7DE66CF-FE47-492A-B953-525CDC49994C}"
EndProject
Global
	GlobalSection(SolutionConfigurationPlatforms) = preSolution
		Debug|x64 = Debug|x64
		Debug|x86 = Debug|x86
		Release|x64 = Release|x64
		Release|x86 = Release|x86
	EndGlobalSection
	GlobalSection(ProjectConfigurationPlatforms) = postSolution
		{C7DE66CF-FE47-492A-B953-525CDC49994C}.Debug|x64.ActiveCfg = Debug|x64
		{C7DE66CF-FE47-492A-B953-525CDC49994C}.Debug|x64.Build.0 = Debug|x64
		{C7DE66CF-FE47-492A-B953-525CDC49994C}.Debug|x86.ActiveCfg = Debug|Win32
		{C7DE66CF-FE47-492A-B953-525CDC49994C}.Debug|x86.Build.0 = Debug|Win32
		{C7DE66CF-FE47-492A-B953-525CDC49994C}.Release|x64.ActiveCfg = Release|x64
		{C7DE66CF-FE47-492A-B953-525CDC49994C}.Release|x64.Build.0 = Release|x64
		{C7DE66CF-FE47-492A-B953-525CDC49994C}.Release|x86.ActiveCfg = Release|Win32
		{C7DE66CF-FE47-492A-B953-525CDC49994C}.Release|x86.Build.0 = Release|Win32
	EndGlobalSection
	GlobalSection(SolutionProperties) = preSolution
		HideSolutionNode = FALSE
	EndGlobalSection
	GlobalSection(ExtensibilityGlobals) = postSolution
		SolutionGuid = {A0CEB614-170A-405B-9BF9-C3DD2E114AE7}
	EndGlobalSection
EndGlobal
